
Microsoft Visual Studio Solution File, Format Version 12.00
# Visual Studio Version 17
VisualStudioVersion = 17.0.31903.59
MinimumVisualStudioVersion = 10.0.40219.1
Project("{FAE04EC0-301F-11D3-BF4B-00C04F79EFBC}") = "WPFCalculator", "WPFCalculator\WPFCalculator.csproj", "{D5E930E2-BF60-4CC4-A28D-A9FE777DF479}"
EndProject
Global
	GlobalSection(SolutionConfigurationPlatforms) = preSolution
		Debug|Any CPU = Debug|Any CPU
		Release|Any CPU = Release|Any CPU
	EndGlobalSection
	GlobalSection(ProjectConfigurationPlatforms) = postSolution
		{D5E930E2-BF60-4CC4-A28D-A9FE777DF479}.Debug|Any CPU.ActiveCfg = Debug|Any CPU
		{D5E930E2-BF60-4CC4-A28D-A9FE777DF479}.Debug|Any CPU.Build.0 = Debug|Any CPU
		{D5E930E2-BF60-4CC4-A28D-A9FE777DF479}.Release|Any CPU.ActiveCfg = Release|Any CPU
		{D5E930E2-BF60-4CC4-A28D-A9FE777DF479}.Release|Any CPU.Build.0 = Release|Any CPU
	EndGlobalSection
	GlobalSection(SolutionProperties) = preSolution
		HideSolutionNode = FALSE
	EndGlobalSection
	GlobalSection(ExtensibilityGlobals) = postSolution
		SolutionGuid = {4836582D-92CB-4E1E-9578-7E833E9B6583}
	EndGlobalSection
EndGlobal
